
Microsoft Visual Studio Solution File, Format Version 12.00
# Visual Studio 14
VisualStudioVersion = 14.0.25123.0
MinimumVisualStudioVersion = 10.0.40219.1
Project("{FAE04EC0-301F-11D3-BF4B-00C04F79EFBC}") = "GeneralizationCs", "GeneralizationCs\GeneralizationCs.csproj", "{2DE29101-98E3-4A33-9435-7CA5095B9A00}"
EndProject
Project("{FAE04EC0-301F-11D3-BF4B-00C04F79EFBC}") = "GeneralizationCs.Test", "GeneralizationCs.Test\GeneralizationCs.Test.csproj", "{D76D8866-E0D9-44E6-BEAC-9FC1DC3E508F}"
EndProject
Global
	GlobalSection(SolutionConfigurationPlatforms) = preSolution
		Debug|Any CPU = Debug|Any CPU
		Release|Any CPU = Release|Any CPU
	EndGlobalSection
	GlobalSection(ProjectConfigurationPlatforms) = postSolution
		{2DE29101-98E3-4A33-9435-7CA5095B9A00}.Debug|Any CPU.ActiveCfg = Debug|Any CPU
		{2DE29101-98E3-4A33-9435-7CA5095B9A00}.Debug|Any CPU.Build.0 = Debug|Any CPU
		{2DE29101-98E3-4A33-9435-7CA5095B9A00}.Release|Any CPU.ActiveCfg = Release|Any CPU
		{2DE29101-98E3-4A33-9435-7CA5095B9A00}.Release|Any CPU.Build.0 = Release|Any CPU
		{D76D8866-E0D9-44E6-BEAC-9FC1DC3E508F}.Debug|Any CPU.ActiveCfg = Debug|Any CPU
		{D76D8866-E0D9-44E6-BEAC-9FC1DC3E508F}.Debug|Any CPU.Build.0 = Debug|Any CPU
		{D76D8866-E0D9-44E6-BEAC-9FC1DC3E508F}.Release|Any CPU.ActiveCfg = Release|Any CPU
		{D76D8866-E0D9-44E6-BEAC-9FC1DC3E508F}.Release|Any CPU.Build.0 = Release|Any CPU
	EndGlobalSection
	GlobalSection(SolutionProperties) = preSolution
		HideSolutionNode = FALSE
	EndGlobalSection
EndGlobal
